
Microsoft Visual Studio Solution File, Format Version 12.00
# Visual Studio Version 17
VisualStudioVersion = 17.6.33829.357
MinimumVisualStudioVersion = 10.0.40219.1
Project("{FAE04EC0-301F-11D3-BF4B-00C04F79EFBC}") = "SegundoExercicioIntroducaoPoo", "SegundoExercicioIntroducaoPoo\SegundoExercicioIntroducaoPoo.csproj", "{E547B44E-B595-4B29-B726-AB481093E1C7}"
EndProject
Global
	GlobalSection(SolutionConfigurationPlatforms) = preSolution
		Debug|Any CPU = Debug|Any CPU
		Release|Any CPU = Release|Any CPU
	EndGlobalSection
	GlobalSection(ProjectConfigurationPlatforms) = postSolution
		{E547B44E-B595-4B29-B726-AB481093E1C7}.Debug|Any CPU.ActiveCfg = Debug|Any CPU
		{E547B44E-B595-4B29-B726-AB481093E1C7}.Debug|Any CPU.Build.0 = Debug|Any CPU
		{E547B44E-B595-4B29-B726-AB481093E1C7}.Release|Any CPU.ActiveCfg = Release|Any CPU
		{E547B44E-B595-4B29-B726-AB481093E1C7}.Release|Any CPU.Build.0 = Release|Any CPU
	EndGlobalSection
	GlobalSection(SolutionProperties) = preSolution
		HideSolutionNode = FALSE
	EndGlobalSection
	GlobalSection(ExtensibilityGlobals) = postSolution
		SolutionGuid = {8A220BC6-D847-42F3-B8B8-F72D2F1E8F0E}
	EndGlobalSection
EndGlobal
